{
  "name": "pragyanai-student-verification-frontend",
  "version": "2.0.0",
  "lockfileVersion": 3,
  "requires": true,
  "packages": {
    "": {
      "name": "pragyanai-student-verification-frontend",
      "version": "2.0.0",
      "dependencies": {
        "axios": "...",
        "react": "...",
        "react-dom": "...",
        "react-router-dom": "..."
      },
      "devDependencies": {
        "@vitejs/plugin-react": "...",
        "vite": "..."
      }
    }
  }
}
